// !$*UTF8*$!
{
	archiveVersion = 1;
	classes = {
	};
	objectVersion = 77;
	objects = {

/* Begin PBXBuildFile section */
		1D5744E62DBCFA08001AE8CD /* Assets.xcassets in Resources */ = {isa = PBXBuildFile; fileRef = 1D5744DF2DBCFA08001AE8CD /* Assets.xcassets */; };
		1D5744EA2DBCFA08001AE8CD /* AppDelegate.swift in Sources */ = {isa = PBXBuildFile; fileRef = 1D5744DE2DBCFA08001AE8CD /* AppDelegate.swift */; };
		779A051B713D7FDA161B26FC /* Pods_ios_learned.framework in Frameworks */ = {isa = PBXBuildFile; fileRef = 351700368ADAFF7AA629D6B8 /* Pods_ios_learned.framework */; };
		9E0DBF562E5A0FA2001284FE /* SceneDelegate.swift in Sources */ = {isa = PBXBuildFile; fileRef = 9E0DBF552E5A0F9E001284FE /* SceneDelegate.swift */; };
		9E0DBF6F2E5A14D4001284FE /* HomeRootViewController.swift in Sources */ = {isa = PBXBuildFile; fileRef = 9E0DBF6E2E5A14D4001284FE /* HomeRootViewController.swift */; };
		9E0DBF712E5A14E5001284FE /* FunctionRootViewController.swift in Sources */ = {isa = PBXBuildFile; fileRef = 9E0DBF702E5A14E5001284FE /* FunctionRootViewController.swift */; };
		9E0DBF752E5A1638001284FE /* ThirdRootViewController.swift in Sources */ = {isa = PBXBuildFile; fileRef = 9E0DBF742E5A1638001284FE /* ThirdRootViewController.swift */; };
		9E0DBF772E5A165A001284FE /* TabbarViewController.swift in Sources */ = {isa = PBXBuildFile; fileRef = 9E0DBF762E5A165A001284FE /* TabbarViewController.swift */; };
		9E0DBF7C2E5A277F001284FE /* UIColor+Extension.swift in Sources */ = {isa = PBXBuildFile; fileRef = 9E0DBF7A2E5A277F001284FE /* UIColor+Extension.swift */; };
		9E0DBF7E2E5A2F73001284FE /* UIImage+Extension.swift in Sources */ = {isa = PBXBuildFile; fileRef = 9E0DBF7D2E5A2F73001284FE /* UIImage+Extension.swift */; };
		9E0DBF8D2E5A3F9B001284FE /* ListItemModel.swift in Sources */ = {isa = PBXBuildFile; fileRef = 9E0DBF8A2E5A3F9B001284FE /* ListItemModel.swift */; };
		9E0DBF8E2E5A3F9B001284FE /* CardListViewController.swift in Sources */ = {isa = PBXBuildFile; fileRef = 9E0DBF892E5A3F9B001284FE /* CardListViewController.swift */; };
		9E0DBF8F2E5A3F9B001284FE /* CardListCell.swift in Sources */ = {isa = PBXBuildFile; fileRef = 9E0DBF882E5A3F9B001284FE /* CardListCell.swift */; };
		9E0DBF922E5A4338001284FE /* PageHeaderView.swift in Sources */ = {isa = PBXBuildFile; fileRef = 9E0DBF902E5A4338001284FE /* PageHeaderView.swift */; };
		9E0DBF942E5A4FFB001284FE /* ButtonExampleViewController.swift in Sources */ = {isa = PBXBuildFile; fileRef = 9E0DBF932E5A4FFB001284FE /* ButtonExampleViewController.swift */; };
		9E0DBF972E5A5724001284FE /* CustomNavigationBar.swift in Sources */ = {isa = PBXBuildFile; fileRef = 9E0DBF952E5A5724001284FE /* CustomNavigationBar.swift */; };
		9E0DBF992E5AF3B4001284FE /* TextExampleViewController.swift in Sources */ = {isa = PBXBuildFile; fileRef = 9E0DBF982E5AF3B4001284FE /* TextExampleViewController.swift */; };
		9E0DBF9E2E5AF4FC001284FE /* BaseViewController.swift in Sources */ = {isa = PBXBuildFile; fileRef = 9E0DBF9D2E5AF4FC001284FE /* BaseViewController.swift */; };
		9E0DBFA12E5B029D001284FE /* ExpandableTextView.swift in Sources */ = {isa = PBXBuildFile; fileRef = 9E0DBF9F2E5B029D001284FE /* ExpandableTextView.swift */; };
		9E0DBFA32E5B0926001284FE /* ImageExampleViewController.swift in Sources */ = {isa = PBXBuildFile; fileRef = 9E0DBFA22E5B0926001284FE /* ImageExampleViewController.swift */; };
		9E0DBFA52E5B0FE4001284FE /* InputExampleViewController.swift in Sources */ = {isa = PBXBuildFile; fileRef = 9E0DBFA42E5B0FE4001284FE /* InputExampleViewController.swift */; };
		9E0DBFA72E5B1276001284FE /* RadioButtonExampleViewController.swift in Sources */ = {isa = PBXBuildFile; fileRef = 9E0DBFA62E5B1276001284FE /* RadioButtonExampleViewController.swift */; };
		9E0DBFA92E5B13BA001284FE /* SwitchExampleViewController.swift in Sources */ = {isa = PBXBuildFile; fileRef = 9E0DBFA82E5B13BA001284FE /* SwitchExampleViewController.swift */; };
		9E0DBFAB2E5B13C1001284FE /* CheckboxExampleViewController.swift in Sources */ = {isa = PBXBuildFile; fileRef = 9E0DBFAA2E5B13C1001284FE /* CheckboxExampleViewController.swift */; };
		9E0DBFAD2E5B1899001284FE /* BottomNavigationExampleViewController.swift in Sources */ = {isa = PBXBuildFile; fileRef = 9E0DBFAC2E5B1899001284FE /* BottomNavigationExampleViewController.swift */; };
		9E0DBFAF2E5B1C23001284FE /* StackViewExampleViewController.swift in Sources */ = {isa = PBXBuildFile; fileRef = 9E0DBFAE2E5B1C23001284FE /* StackViewExampleViewController.swift */; };
		9E0DBFB12E5B23DB001284FE /* ContextMenuExampleViewController.swift in Sources */ = {isa = PBXBuildFile; fileRef = 9E0DBFB02E5B23DB001284FE /* ContextMenuExampleViewController.swift */; };
		9E0DBFC52E5B2F07001284FE /* CustomConfirmDialog.swift in Sources */ = {isa = PBXBuildFile; fileRef = 9E0DBFC02E5B2F07001284FE /* CustomConfirmDialog.swift */; };
		9E0DBFC62E5B2F07001284FE /* CustomDialogExampleViewController.swift in Sources */ = {isa = PBXBuildFile; fileRef = 9E0DBFC12E5B2F07001284FE /* CustomDialogExampleViewController.swift */; };
		9E0DBFC72E5B2F07001284FE /* CustomAlertDialog.swift in Sources */ = {isa = PBXBuildFile; fileRef = 9E0DBFBF2E5B2F07001284FE /* CustomAlertDialog.swift */; };
		9E0DBFC82E5B2F07001284FE /* CustomInputDialog.swift in Sources */ = {isa = PBXBuildFile; fileRef = 9E0DBFC22E5B2F07001284FE /* CustomInputDialog.swift */; };
		9E0DBFC92E5B2F07001284FE /* CustomLoadingDialog.swift in Sources */ = {isa = PBXBuildFile; fileRef = 9E0DBFC32E5B2F07001284FE /* CustomLoadingDialog.swift */; };
		9E0DBFCA2E5B2F07001284FE /* CustomStyledDialogs.swift in Sources */ = {isa = PBXBuildFile; fileRef = 9E0DBFC42E5B2F07001284FE /* CustomStyledDialogs.swift */; };
		9E0DBFCC2E5B3429001284FE /* BottomSheetExampleViewController.swift in Sources */ = {isa = PBXBuildFile; fileRef = 9E0DBFCB2E5B3429001284FE /* BottomSheetExampleViewController.swift */; };
		9E0DBFCF2E5B3D4A001284FE /* ToastExampleViewController.swift in Sources */ = {isa = PBXBuildFile; fileRef = 9E0DBFCE2E5B3D4A001284FE /* ToastExampleViewController.swift */; };
		9E0DBFD12E5B40FF001284FE /* ProgressBarExampleViewController.swift in Sources */ = {isa = PBXBuildFile; fileRef = 9E0DBFD02E5B40FF001284FE /* ProgressBarExampleViewController.swift */; };
		9E0DBFD32E5B4367001284FE /* PagerViewExampleViewController.swift in Sources */ = {isa = PBXBuildFile; fileRef = 9E0DBFD22E5B4367001284FE /* PagerViewExampleViewController.swift */; };
		9E0DBFD52E5B5A7D001284FE /* TableViewExampleViewController.swift in Sources */ = {isa = PBXBuildFile; fileRef = 9E0DBFD42E5B5A7D001284FE /* TableViewExampleViewController.swift */; };
		9E0DBFD72E5B5BE6001284FE /* CollectionViewExampleViewController.swift in Sources */ = {isa = PBXBuildFile; fileRef = 9E0DBFD62E5B5BE6001284FE /* CollectionViewExampleViewController.swift */; };
		9E0DBFD92E5B5E46001284FE /* ViewPagerExampleViewController.swift in Sources */ = {isa = PBXBuildFile; fileRef = 9E0DBFD82E5B5E46001284FE /* ViewPagerExampleViewController.swift */; };
		9E0DBFDB2E5B6367001284FE /* WebViewExampleViewController.swift in Sources */ = {isa = PBXBuildFile; fileRef = 9E0DBFDA2E5B6367001284FE /* WebViewExampleViewController.swift */; };
		9E0DBFDD2E5B6864001284FE /* AdvancedControlsViewController.swift in Sources */ = {isa = PBXBuildFile; fileRef = 9E0DBFDC2E5B6864001284FE /* AdvancedControlsViewController.swift */; };
		9E4BD3442E7EE99D00EA940E /* SystemBarViewController.swift in Sources */ = {isa = PBXBuildFile; fileRef = 9E4BD3432E7EE99D00EA940E /* SystemBarViewController.swift */; };
		9EAE98652E76E729001DE57E /* StoryboardExample.storyboard in Resources */ = {isa = PBXBuildFile; fileRef = 9EAE98642E76E729001DE57E /* StoryboardExample.storyboard */; };
		9EAE98672E76E7B9001DE57E /* StoryboardExampleViewController.swift in Sources */ = {isa = PBXBuildFile; fileRef = 9EAE98662E76E7B9001DE57E /* StoryboardExampleViewController.swift */; };
		9EAE986B2E7705E3001DE57E /* NibExampleViewController.swift in Sources */ = {isa = PBXBuildFile; fileRef = 9EAE98692E7705E3001DE57E /* NibExampleViewController.swift */; };
		9EAE986C2E7705E3001DE57E /* NibExampleViewController.xib in Resources */ = {isa = PBXBuildFile; fileRef = 9EAE986A2E7705E3001DE57E /* NibExampleViewController.xib */; };
/* End PBXBuildFile section */

/* Begin PBXFileReference section */
		1D3AD7D02DBBDD78005EA361 /* ios-learned.app */ = {isa = PBXFileReference; explicitFileType = wrapper.application; includeInIndex = 0; path = "ios-learned.app"; sourceTree = BUILT_PRODUCTS_DIR; };
		1D5744DE2DBCFA08001AE8CD /* AppDelegate.swift */ = {isa = PBXFileReference; lastKnownFileType = sourcecode.swift; path = AppDelegate.swift; sourceTree = "<group>"; };
		1D5744DF2DBCFA08001AE8CD /* Assets.xcassets */ = {isa = PBXFileReference; lastKnownFileType = folder.assetcatalog; path = Assets.xcassets; sourceTree = "<group>"; };
		1D5744E02DBCFA08001AE8CD /* Info.plist */ = {isa = PBXFileReference; lastKnownFileType = text.plist.xml; path = Info.plist; sourceTree = "<group>"; };
		351700368ADAFF7AA629D6B8 /* Pods_ios_learned.framework */ = {isa = PBXFileReference; explicitFileType = wrapper.framework; includeInIndex = 0; path = Pods_ios_learned.framework; sourceTree = BUILT_PRODUCTS_DIR; };
		9E0DBF552E5A0F9E001284FE /* SceneDelegate.swift */ = {isa = PBXFileReference; lastKnownFileType = sourcecode.swift; path = SceneDelegate.swift; sourceTree = "<group>"; };
		9E0DBF6E2E5A14D4001284FE /* HomeRootViewController.swift */ = {isa = PBXFileReference; lastKnownFileType = sourcecode.swift; path = HomeRootViewController.swift; sourceTree = "<group>"; };
		9E0DBF702E5A14E5001284FE /* FunctionRootViewController.swift */ = {isa = PBXFileReference; lastKnownFileType = sourcecode.swift; path = FunctionRootViewController.swift; sourceTree = "<group>"; };
		9E0DBF742E5A1638001284FE /* ThirdRootViewController.swift */ = {isa = PBXFileReference; lastKnownFileType = sourcecode.swift; path = ThirdRootViewController.swift; sourceTree = "<group>"; };
		9E0DBF762E5A165A001284FE /* TabbarViewController.swift */ = {isa = PBXFileReference; lastKnownFileType = sourcecode.swift; path = TabbarViewController.swift; sourceTree = "<group>"; };
		9E0DBF7A2E5A277F001284FE /* UIColor+Extension.swift */ = {isa = PBXFileReference; lastKnownFileType = sourcecode.swift; path = "UIColor+Extension.swift"; sourceTree = "<group>"; };
		9E0DBF7D2E5A2F73001284FE /* UIImage+Extension.swift */ = {isa = PBXFileReference; lastKnownFileType = sourcecode.swift; path = "UIImage+Extension.swift"; sourceTree = "<group>"; };
		9E0DBF882E5A3F9B001284FE /* CardListCell.swift */ = {isa = PBXFileReference; lastKnownFileType = sourcecode.swift; path = CardListCell.swift; sourceTree = "<group>"; };
		9E0DBF892E5A3F9B001284FE /* CardListViewController.swift */ = {isa = PBXFileReference; lastKnownFileType = sourcecode.swift; path = CardListViewController.swift; sourceTree = "<group>"; };
		9E0DBF8A2E5A3F9B001284FE /* ListItemModel.swift */ = {isa = PBXFileReference; lastKnownFileType = sourcecode.swift; path = ListItemModel.swift; sourceTree = "<group>"; };
		9E0DBF902E5A4338001284FE /* PageHeaderView.swift */ = {isa = PBXFileReference; lastKnownFileType = sourcecode.swift; path = PageHeaderView.swift; sourceTree = "<group>"; };
		9E0DBF932E5A4FFB001284FE /* ButtonExampleViewController.swift */ = {isa = PBXFileReference; lastKnownFileType = sourcecode.swift; path = ButtonExampleViewController.swift; sourceTree = "<group>"; };
		9E0DBF952E5A5724001284FE /* CustomNavigationBar.swift */ = {isa = PBXFileReference; lastKnownFileType = sourcecode.swift; path = CustomNavigationBar.swift; sourceTree = "<group>"; };
		9E0DBF982E5AF3B4001284FE /* TextExampleViewController.swift */ = {isa = PBXFileReference; lastKnownFileType = sourcecode.swift; path = TextExampleViewController.swift; sourceTree = "<group>"; };
		9E0DBF9D2E5AF4FC001284FE /* BaseViewController.swift */ = {isa = PBXFileReference; lastKnownFileType = sourcecode.swift; path = BaseViewController.swift; sourceTree = "<group>"; };
		9E0DBF9F2E5B029D001284FE /* ExpandableTextView.swift */ = {isa = PBXFileReference; lastKnownFileType = sourcecode.swift; path = ExpandableTextView.swift; sourceTree = "<group>"; };
		9E0DBFA22E5B0926001284FE /* ImageExampleViewController.swift */ = {isa = PBXFileReference; lastKnownFileType = sourcecode.swift; path = ImageExampleViewController.swift; sourceTree = "<group>"; };
		9E0DBFA42E5B0FE4001284FE /* InputExampleViewController.swift */ = {isa = PBXFileReference; lastKnownFileType = sourcecode.swift; path = InputExampleViewController.swift; sourceTree = "<group>"; };
		9E0DBFA62E5B1276001284FE /* RadioButtonExampleViewController.swift */ = {isa = PBXFileReference; lastKnownFileType = sourcecode.swift; path = RadioButtonExampleViewController.swift; sourceTree = "<group>"; };
		9E0DBFA82E5B13BA001284FE /* SwitchExampleViewController.swift */ = {isa = PBXFileReference; lastKnownFileType = sourcecode.swift; path = SwitchExampleViewController.swift; sourceTree = "<group>"; };
		9E0DBFAA2E5B13C1001284FE /* CheckboxExampleViewController.swift */ = {isa = PBXFileReference; lastKnownFileType = sourcecode.swift; path = CheckboxExampleViewController.swift; sourceTree = "<group>"; };
		9E0DBFAC2E5B1899001284FE /* BottomNavigationExampleViewController.swift */ = {isa = PBXFileReference; lastKnownFileType = sourcecode.swift; path = BottomNavigationExampleViewController.swift; sourceTree = "<group>"; };
		9E0DBFAE2E5B1C23001284FE /* StackViewExampleViewController.swift */ = {isa = PBXFileReference; lastKnownFileType = sourcecode.swift; path = StackViewExampleViewController.swift; sourceTree = "<group>"; };
		9E0DBFB02E5B23DB001284FE /* ContextMenuExampleViewController.swift */ = {isa = PBXFileReference; lastKnownFileType = sourcecode.swift; path = ContextMenuExampleViewController.swift; sourceTree = "<group>"; };
		9E0DBFBF2E5B2F07001284FE /* CustomAlertDialog.swift */ = {isa = PBXFileReference; lastKnownFileType = sourcecode.swift; path = CustomAlertDialog.swift; sourceTree = "<group>"; };
		9E0DBFC02E5B2F07001284FE /* CustomConfirmDialog.swift */ = {isa = PBXFileReference; lastKnownFileType = sourcecode.swift; path = CustomConfirmDialog.swift; sourceTree = "<group>"; };
		9E0DBFC12E5B2F07001284FE /* CustomDialogExampleViewController.swift */ = {isa = PBXFileReference; lastKnownFileType = sourcecode.swift; path = CustomDialogExampleViewController.swift; sourceTree = "<group>"; };
		9E0DBFC22E5B2F07001284FE /* CustomInputDialog.swift */ = {isa = PBXFileReference; lastKnownFileType = sourcecode.swift; path = CustomInputDialog.swift; sourceTree = "<group>"; };
		9E0DBFC32E5B2F07001284FE /* CustomLoadingDialog.swift */ = {isa = PBXFileReference; lastKnownFileType = sourcecode.swift; path = CustomLoadingDialog.swift; sourceTree = "<group>"; };
		9E0DBFC42E5B2F07001284FE /* CustomStyledDialogs.swift */ = {isa = PBXFileReference; lastKnownFileType = sourcecode.swift; path = CustomStyledDialogs.swift; sourceTree = "<group>"; };
		9E0DBFCB2E5B3429001284FE /* BottomSheetExampleViewController.swift */ = {isa = PBXFileReference; lastKnownFileType = sourcecode.swift; path = BottomSheetExampleViewController.swift; sourceTree = "<group>"; };
		9E0DBFCE2E5B3D4A001284FE /* ToastExampleViewController.swift */ = {isa = PBXFileReference; lastKnownFileType = sourcecode.swift; path = ToastExampleViewController.swift; sourceTree = "<group>"; };
		9E0DBFD02E5B40FF001284FE /* ProgressBarExampleViewController.swift */ = {isa = PBXFileReference; lastKnownFileType = sourcecode.swift; path = ProgressBarExampleViewController.swift; sourceTree = "<group>"; };
		9E0DBFD22E5B4367001284FE /* PagerViewExampleViewController.swift */ = {isa = PBXFileReference; lastKnownFileType = sourcecode.swift; path = PagerViewExampleViewController.swift; sourceTree = "<group>"; };
		9E0DBFD42E5B5A7D001284FE /* TableViewExampleViewController.swift */ = {isa = PBXFileReference; lastKnownFileType = sourcecode.swift; path = TableViewExampleViewController.swift; sourceTree = "<group>"; };
		9E0DBFD62E5B5BE6001284FE /* CollectionViewExampleViewController.swift */ = {isa = PBXFileReference; lastKnownFileType = sourcecode.swift; path = CollectionViewExampleViewController.swift; sourceTree = "<group>"; };
		9E0DBFD82E5B5E46001284FE /* ViewPagerExampleViewController.swift */ = {isa = PBXFileReference; lastKnownFileType = sourcecode.swift; path = ViewPagerExampleViewController.swift; sourceTree = "<group>"; };
		9E0DBFDA2E5B6367001284FE /* WebViewExampleViewController.swift */ = {isa = PBXFileReference; lastKnownFileType = sourcecode.swift; path = WebViewExampleViewController.swift; sourceTree = "<group>"; };
		9E0DBFDC2E5B6864001284FE /* AdvancedControlsViewController.swift */ = {isa = PBXFileReference; lastKnownFileType = sourcecode.swift; path = AdvancedControlsViewController.swift; sourceTree = "<group>"; };
		9E4BD3432E7EE99D00EA940E /* SystemBarViewController.swift */ = {isa = PBXFileReference; lastKnownFileType = sourcecode.swift; path = SystemBarViewController.swift; sourceTree = "<group>"; };
		9EAE98642E76E729001DE57E /* StoryboardExample.storyboard */ = {isa = PBXFileReference; lastKnownFileType = file.storyboard; path = StoryboardExample.storyboard; sourceTree = "<group>"; };
		9EAE98662E76E7B9001DE57E /* StoryboardExampleViewController.swift */ = {isa = PBXFileReference; lastKnownFileType = sourcecode.swift; path = StoryboardExampleViewController.swift; sourceTree = "<group>"; };
		9EAE98692E7705E3001DE57E /* NibExampleViewController.swift */ = {isa = PBXFileReference; lastKnownFileType = sourcecode.swift; path = NibExampleViewController.swift; sourceTree = "<group>"; };
		9EAE986A2E7705E3001DE57E /* NibExampleViewController.xib */ = {isa = PBXFileReference; lastKnownFileType = file.xib; path = NibExampleViewController.xib; sourceTree = "<group>"; };
		DE41D1BA0E479416F6B6FE32 /* Pods-ios-learned.debug.xcconfig */ = {isa = PBXFileReference; includeInIndex = 1; lastKnownFileType = text.xcconfig; name = "Pods-ios-learned.debug.xcconfig"; path = "Target Support Files/Pods-ios-learned/Pods-ios-learned.debug.xcconfig"; sourceTree = "<group>"; };
		F0EBC43438681C129F9564AE /* Pods-ios-learned.release.xcconfig */ = {isa = PBXFileReference; includeInIndex = 1; lastKnownFileType = text.xcconfig; name = "Pods-ios-learned.release.xcconfig"; path = "Target Support Files/Pods-ios-learned/Pods-ios-learned.release.xcconfig"; sourceTree = "<group>"; };
/* End PBXFileReference section */

/* Begin PBXFileSystemSynchronizedRootGroup section */
		9ECE57DC2E7D1F4900E656C8 /* 学习文档 */ = {
			isa = PBXFileSystemSynchronizedRootGroup;
			path = "学习文档";
			sourceTree = "<group>";
		};
/* End PBXFileSystemSynchronizedRootGroup section */

/* Begin PBXFrameworksBuildPhase section */
		1D3AD7CD2DBBDD78005EA361 /* Frameworks */ = {
			isa = PBXFrameworksBuildPhase;
			buildActionMask = 2147483647;
			files = (
				779A051B713D7FDA161B26FC /* Pods_ios_learned.framework in Frameworks */,
			);
			runOnlyForDeploymentPostprocessing = 0;
		};
/* End PBXFrameworksBuildPhase section */

/* Begin PBXGroup section */
		02E3AEDA463EFA220E58A72A /* Pods */ = {
			isa = PBXGroup;
			children = (
				DE41D1BA0E479416F6B6FE32 /* Pods-ios-learned.debug.xcconfig */,
				F0EBC43438681C129F9564AE /* Pods-ios-learned.release.xcconfig */,
			);
			path = Pods;
			sourceTree = "<group>";
		};
		1D3AD7C72DBBDD78005EA361 = {
			isa = PBXGroup;
			children = (
				1D5744E42DBCFA08001AE8CD /* ios-learned */,
				1D3AD7D12DBBDD78005EA361 /* Products */,
				02E3AEDA463EFA220E58A72A /* Pods */,
				4C5EDD8FB648D55E63F3114C /* Frameworks */,
			);
			sourceTree = "<group>";
		};
		1D3AD7D12DBBDD78005EA361 /* Products */ = {
			isa = PBXGroup;
			children = (
				1D3AD7D02DBBDD78005EA361 /* ios-learned.app */,
			);
			name = Products;
			sourceTree = "<group>";
		};
		1D5744DA2DBCFA08001AE8CD /* tabbar */ = {
			isa = PBXGroup;
			children = (
				9E0DBF5C2E5A136F001284FE /* viewControllers */,
			);
			path = tabbar;
			sourceTree = "<group>";
		};
		1D5744DD2DBCFA08001AE8CD /* ui */ = {
			isa = PBXGroup;
			children = (
				9E0DBF5B2E5A1329001284FE /* third */,
				9E0DBF5A2E5A1306001284FE /* function */,
				9E0DBF572E5A12DF001284FE /* home */,
				1D5744DA2DBCFA08001AE8CD /* tabbar */,
			);
			path = ui;
			sourceTree = "<group>";
		};
		1D5744E42DBCFA08001AE8CD /* ios-learned */ = {
			isa = PBXGroup;
			children = (
				9ECE57DC2E7D1F4900E656C8 /* 学习文档 */,
				9E0DBF9A2E5AF3EB001284FE /* base */,
				9E0DBF7B2E5A277F001284FE /* extensions */,
				9E0DBF8C2E5A3F9B001284FE /* views */,
				1D5744DD2DBCFA08001AE8CD /* ui */,
				1D5744DE2DBCFA08001AE8CD /* AppDelegate.swift */,
				9E0DBF552E5A0F9E001284FE /* SceneDelegate.swift */,
				1D5744DF2DBCFA08001AE8CD /* Assets.xcassets */,
				1D5744E02DBCFA08001AE8CD /* Info.plist */,
			);
			path = "ios-learned";
			sourceTree = "<group>";
		};
		4C5EDD8FB648D55E63F3114C /* Frameworks */ = {
			isa = PBXGroup;
			children = (
				351700368ADAFF7AA629D6B8 /* Pods_ios_learned.framework */,
			);
			name = Frameworks;
			sourceTree = "<group>";
		};
		9E0DBF572E5A12DF001284FE /* home */ = {
			isa = PBXGroup;
			children = (
				9E0DBF5D2E5A1382001284FE /* viewControllers */,
			);
			path = home;
			sourceTree = "<group>";
		};
		9E0DBF5A2E5A1306001284FE /* function */ = {
			isa = PBXGroup;
			children = (
				9E0DBF602E5A1392001284FE /* viewControllers */,
			);
			path = function;
			sourceTree = "<group>";
		};
		9E0DBF5B2E5A1329001284FE /* third */ = {
			isa = PBXGroup;
			children = (
				9E0DBF832E5A3A60001284FE /* views */,
				9E0DBF612E5A1397001284FE /* viewControllers */,
			);
			path = third;
			sourceTree = "<group>";
		};
		9E0DBF5C2E5A136F001284FE /* viewControllers */ = {
			isa = PBXGroup;
			children = (
				9E0DBF762E5A165A001284FE /* TabbarViewController.swift */,
			);
			path = viewControllers;
			sourceTree = "<group>";
		};
		9E0DBF5D2E5A1382001284FE /* viewControllers */ = {
			isa = PBXGroup;
			children = (
				9EAE98682E7705B3001DE57E /* nibExample */,
				9EAE98632E76E6F6001DE57E /* storyboardExample */,
				9E0DBFDC2E5B6864001284FE /* AdvancedControlsViewController.swift */,
				9E0DBFDA2E5B6367001284FE /* WebViewExampleViewController.swift */,
				9E0DBFD82E5B5E46001284FE /* ViewPagerExampleViewController.swift */,
				9E0DBFD62E5B5BE6001284FE /* CollectionViewExampleViewController.swift */,
				9E0DBFD42E5B5A7D001284FE /* TableViewExampleViewController.swift */,
				9E0DBFD22E5B4367001284FE /* PagerViewExampleViewController.swift */,
				9E0DBFD02E5B40FF001284FE /* ProgressBarExampleViewController.swift */,
				9E0DBFCE2E5B3D4A001284FE /* ToastExampleViewController.swift */,
				9E0DBFCB2E5B3429001284FE /* BottomSheetExampleViewController.swift */,
				9E0DBFC12E5B2F07001284FE /* CustomDialogExampleViewController.swift */,
				9E0DBFB02E5B23DB001284FE /* ContextMenuExampleViewController.swift */,
				9E0DBFAE2E5B1C23001284FE /* StackViewExampleViewController.swift */,
				9E0DBFAC2E5B1899001284FE /* BottomNavigationExampleViewController.swift */,
				9E0DBFAA2E5B13C1001284FE /* CheckboxExampleViewController.swift */,
				9E0DBFA82E5B13BA001284FE /* SwitchExampleViewController.swift */,
				9E0DBFA62E5B1276001284FE /* RadioButtonExampleViewController.swift */,
				9E0DBFA42E5B0FE4001284FE /* InputExampleViewController.swift */,
				9E0DBFA22E5B0926001284FE /* ImageExampleViewController.swift */,
				9E0DBF982E5AF3B4001284FE /* TextExampleViewController.swift */,
				9E0DBF932E5A4FFB001284FE /* ButtonExampleViewController.swift */,
				9E0DBF6E2E5A14D4001284FE /* HomeRootViewController.swift */,
			);
			path = viewControllers;
			sourceTree = "<group>";
		};
		9E0DBF602E5A1392001284FE /* viewControllers */ = {
			isa = PBXGroup;
			children = (
				9E0DBF702E5A14E5001284FE /* FunctionRootViewController.swift */,
				9E4BD3432E7EE99D00EA940E /* SystemBarViewController.swift */,
			);
			path = viewControllers;
			sourceTree = "<group>";
		};
		9E0DBF612E5A1397001284FE /* viewControllers */ = {
			isa = PBXGroup;
			children = (
				9E0DBF742E5A1638001284FE /* ThirdRootViewController.swift */,
			);
			path = viewControllers;
			sourceTree = "<group>";
		};
		9E0DBF7B2E5A277F001284FE /* extensions */ = {
			isa = PBXGroup;
			children = (
				9E0DBF7D2E5A2F73001284FE /* UIImage+Extension.swift */,
				9E0DBF7A2E5A277F001284FE /* UIColor+Extension.swift */,
			);
			path = extensions;
			sourceTree = "<group>";
		};
		9E0DBF832E5A3A60001284FE /* views */ = {
			isa = PBXGroup;
			children = (
			);
			path = views;
			sourceTree = "<group>";
		};
		9E0DBF8B2E5A3F9B001284FE /* listView */ = {
			isa = PBXGroup;
			children = (
				9E0DBF882E5A3F9B001284FE /* CardListCell.swift */,
				9E0DBF892E5A3F9B001284FE /* CardListViewController.swift */,
				9E0DBF8A2E5A3F9B001284FE /* ListItemModel.swift */,
			);
			path = listView;
			sourceTree = "<group>";
		};
		9E0DBF8C2E5A3F9B001284FE /* views */ = {
			isa = PBXGroup;
			children = (
				9E0DBFCD2E5B35CF001284FE /* dialog */,
				9E0DBFA02E5B029D001284FE /* expandableTextView */,
				9E0DBF962E5A5724001284FE /* navigationBar */,
				9E0DBF912E5A4338001284FE /* headerView */,
				9E0DBF8B2E5A3F9B001284FE /* listView */,
			);
			path = views;
			sourceTree = "<group>";
		};
		9E0DBF912E5A4338001284FE /* headerView */ = {
			isa = PBXGroup;
			children = (
				9E0DBF902E5A4338001284FE /* PageHeaderView.swift */,
			);
			path = headerView;
			sourceTree = "<group>";
		};
		9E0DBF962E5A5724001284FE /* navigationBar */ = {
			isa = PBXGroup;
			children = (
				9E0DBF952E5A5724001284FE /* CustomNavigationBar.swift */,
			);
			path = navigationBar;
			sourceTree = "<group>";
		};
		9E0DBF9A2E5AF3EB001284FE /* base */ = {
			isa = PBXGroup;
			children = (
				9E0DBF9D2E5AF4FC001284FE /* BaseViewController.swift */,
			);
			path = base;
			sourceTree = "<group>";
		};
		9E0DBFA02E5B029D001284FE /* expandableTextView */ = {
			isa = PBXGroup;
			children = (
				9E0DBF9F2E5B029D001284FE /* ExpandableTextView.swift */,
			);
			path = expandableTextView;
			sourceTree = "<group>";
		};
		9E0DBFCD2E5B35CF001284FE /* dialog */ = {
			isa = PBXGroup;
			children = (
				9E0DBFBF2E5B2F07001284FE /* CustomAlertDialog.swift */,
				9E0DBFC22E5B2F07001284FE /* CustomInputDialog.swift */,
				9E0DBFC32E5B2F07001284FE /* CustomLoadingDialog.swift */,
				9E0DBFC42E5B2F07001284FE /* CustomStyledDialogs.swift */,
				9E0DBFC02E5B2F07001284FE /* CustomConfirmDialog.swift */,
			);
			path = dialog;
			sourceTree = "<group>";
		};
		9EAE98632E76E6F6001DE57E /* storyboardExample */ = {
			isa = PBXGroup;
			children = (
				9EAE98642E76E729001DE57E /* StoryboardExample.storyboard */,
				9EAE98662E76E7B9001DE57E /* StoryboardExampleViewController.swift */,
			);
			path = storyboardExample;
			sourceTree = "<group>";
		};
		9EAE98682E7705B3001DE57E /* nibExample */ = {
			isa = PBXGroup;
			children = (
				9EAE98692E7705E3001DE57E /* NibExampleViewController.swift */,
				9EAE986A2E7705E3001DE57E /* NibExampleViewController.xib */,
			);
			path = nibExample;
			sourceTree = "<group>";
		};
/* End PBXGroup section */

/* Begin PBXNativeTarget section */
		1D3AD7CF2DBBDD78005EA361 /* ios-learned */ = {
			isa = PBXNativeTarget;
			buildConfigurationList = 1D3AD7E32DBBDD7A005EA361 /* Build configuration list for PBXNativeTarget "ios-learned" */;
			buildPhases = (
				34C11C61CD821BBB9D064972 /* [CP] Check Pods Manifest.lock */,
				1D3AD7CC2DBBDD78005EA361 /* Sources */,
				1D3AD7CD2DBBDD78005EA361 /* Frameworks */,
				1D3AD7CE2DBBDD78005EA361 /* Resources */,
				A64DA912D329CD53DBB5D887 /* [CP] Embed Pods Frameworks */,
			);
			buildRules = (
			);
			dependencies = (
			);
			fileSystemSynchronizedGroups = (
				9ECE57DC2E7D1F4900E656C8 /* 学习文档 */,
			);
			name = "ios-learned";
			productName = "ios-learned";
			productReference = 1D3AD7D02DBBDD78005EA361 /* ios-learned.app */;
			productType = "com.apple.product-type.application";
		};
/* End PBXNativeTarget section */

/* Begin PBXProject section */
		1D3AD7C82DBBDD78005EA361 /* Project object */ = {
			isa = PBXProject;
			attributes = {
				BuildIndependentTargetsInParallel = 1;
				LastSwiftUpdateCheck = 1620;
				LastUpgradeCheck = 1620;
				TargetAttributes = {
					1D3AD7CF2DBBDD78005EA361 = {
						CreatedOnToolsVersion = 16.2;
						LastSwiftMigration = 1640;
					};
				};
			};
			buildConfigurationList = 1D3AD7CB2DBBDD78005EA361 /* Build configuration list for PBXProject "ios-learned" */;
			developmentRegion = en;
			hasScannedForEncodings = 0;
			knownRegions = (
				en,
				Base,
			);
			mainGroup = 1D3AD7C72DBBDD78005EA361;
			minimizedProjectReferenceProxies = 1;
			preferredProjectObjectVersion = 77;
			productRefGroup = 1D3AD7D12DBBDD78005EA361 /* Products */;
			projectDirPath = "";
			projectRoot = "";
			targets = (
				1D3AD7CF2DBBDD78005EA361 /* ios-learned */,
			);
		};
/* End PBXProject section */

/* Begin PBXResourcesBuildPhase section */
		1D3AD7CE2DBBDD78005EA361 /* Resources */ = {
			isa = PBXResourcesBuildPhase;
			buildActionMask = 2147483647;
			files = (
				9EAE986C2E7705E3001DE57E /* NibExampleViewController.xib in Resources */,
				1D5744E62DBCFA08001AE8CD /* Assets.xcassets in Resources */,
				9EAE98652E76E729001DE57E /* StoryboardExample.storyboard in Resources */,
			);
			runOnlyForDeploymentPostprocessing = 0;
		};
/* End PBXResourcesBuildPhase section */

/* Begin PBXShellScriptBuildPhase section */
		34C11C61CD821BBB9D064972 /* [CP] Check Pods Manifest.lock */ = {
			isa = PBXShellScriptBuildPhase;
			buildActionMask = 2147483647;
			files = (
			);
			inputFileListPaths = (
			);
			inputPaths = (
				"${PODS_PODFILE_DIR_PATH}/Podfile.lock",
				"${PODS_ROOT}/Manifest.lock",
			);
			name = "[CP] Check Pods Manifest.lock";
			outputFileListPaths = (
			);
			outputPaths = (
				"$(DERIVED_FILE_DIR)/Pods-ios-learned-checkManifestLockResult.txt",
			);
			runOnlyForDeploymentPostprocessing = 0;
			shellPath = /bin/sh;
			shellScript = "diff \"${PODS_PODFILE_DIR_PATH}/Podfile.lock\" \"${PODS_ROOT}/Manifest.lock\" > /dev/null\nif [ $? != 0 ] ; then\n    # print error to STDERR\n    echo \"error: The sandbox is not in sync with the Podfile.lock. Run 'pod install' or update your CocoaPods installation.\" >&2\n    exit 1\nfi\n# This output is used by Xcode 'outputs' to avoid re-running this script phase.\necho \"SUCCESS\" > \"${SCRIPT_OUTPUT_FILE_0}\"\n";
			showEnvVarsInLog = 0;
		};
		A64DA912D329CD53DBB5D887 /* [CP] Embed Pods Frameworks */ = {
			isa = PBXShellScriptBuildPhase;
			buildActionMask = 2147483647;
			files = (
			);
			inputFileListPaths = (
				"${PODS_ROOT}/Target Support Files/Pods-ios-learned/Pods-ios-learned-frameworks-${CONFIGURATION}-input-files.xcfilelist",
			);
			inputPaths = (
			);
			name = "[CP] Embed Pods Frameworks";
			outputFileListPaths = (
				"${PODS_ROOT}/Target Support Files/Pods-ios-learned/Pods-ios-learned-frameworks-${CONFIGURATION}-output-files.xcfilelist",
			);
			outputPaths = (
			);
			runOnlyForDeploymentPostprocessing = 0;
			shellPath = /bin/sh;
			shellScript = "\"${PODS_ROOT}/Target Support Files/Pods-ios-learned/Pods-ios-learned-frameworks.sh\"\n";
			showEnvVarsInLog = 0;
		};
/* End PBXShellScriptBuildPhase section */

/* Begin PBXSourcesBuildPhase section */
		1D3AD7CC2DBBDD78005EA361 /* Sources */ = {
			isa = PBXSourcesBuildPhase;
			buildActionMask = 2147483647;
			files = (
				9E0DBF7C2E5A277F001284FE /* UIColor+Extension.swift in Sources */,
				9E0DBF922E5A4338001284FE /* PageHeaderView.swift in Sources */,
				9E0DBF562E5A0FA2001284FE /* SceneDelegate.swift in Sources */,
				9E0DBFD12E5B40FF001284FE /* ProgressBarExampleViewController.swift in Sources */,
				9EAE98672E76E7B9001DE57E /* StoryboardExampleViewController.swift in Sources */,
				9E0DBFD72E5B5BE6001284FE /* CollectionViewExampleViewController.swift in Sources */,
				9E0DBFD92E5B5E46001284FE /* ViewPagerExampleViewController.swift in Sources */,
				9E0DBF942E5A4FFB001284FE /* ButtonExampleViewController.swift in Sources */,
				9E0DBFA52E5B0FE4001284FE /* InputExampleViewController.swift in Sources */,
				9E0DBFA32E5B0926001284FE /* ImageExampleViewController.swift in Sources */,
				1D5744EA2DBCFA08001AE8CD /* AppDelegate.swift in Sources */,
				9E0DBFDD2E5B6864001284FE /* AdvancedControlsViewController.swift in Sources */,
				9E0DBFD32E5B4367001284FE /* PagerViewExampleViewController.swift in Sources */,
				9EAE986B2E7705E3001DE57E /* NibExampleViewController.swift in Sources */,
				9E0DBFA92E5B13BA001284FE /* SwitchExampleViewController.swift in Sources */,
				9E0DBFAB2E5B13C1001284FE /* CheckboxExampleViewController.swift in Sources */,
				9E0DBF7E2E5A2F73001284FE /* UIImage+Extension.swift in Sources */,
				9E0DBF772E5A165A001284FE /* TabbarViewController.swift in Sources */,
				9E0DBF9E2E5AF4FC001284FE /* BaseViewController.swift in Sources */,
				9E0DBF712E5A14E5001284FE /* FunctionRootViewController.swift in Sources */,
				9E0DBFAD2E5B1899001284FE /* BottomNavigationExampleViewController.swift in Sources */,
				9E0DBF972E5A5724001284FE /* CustomNavigationBar.swift in Sources */,
				9E0DBFAF2E5B1C23001284FE /* StackViewExampleViewController.swift in Sources */,
				9E0DBF992E5AF3B4001284FE /* TextExampleViewController.swift in Sources */,
				9E0DBF752E5A1638001284FE /* ThirdRootViewController.swift in Sources */,
				9E0DBFA12E5B029D001284FE /* ExpandableTextView.swift in Sources */,
				9E0DBFCF2E5B3D4A001284FE /* ToastExampleViewController.swift in Sources */,
				9E0DBFC52E5B2F07001284FE /* CustomConfirmDialog.swift in Sources */,
				9E0DBFD52E5B5A7D001284FE /* TableViewExampleViewController.swift in Sources */,
				9E0DBFC62E5B2F07001284FE /* CustomDialogExampleViewController.swift in Sources */,
				9E0DBFC72E5B2F07001284FE /* CustomAlertDialog.swift in Sources */,
				9E0DBFCC2E5B3429001284FE /* BottomSheetExampleViewController.swift in Sources */,
				9E0DBFC82E5B2F07001284FE /* CustomInputDialog.swift in Sources */,
				9E0DBFC92E5B2F07001284FE /* CustomLoadingDialog.swift in Sources */,
				9E0DBFCA2E5B2F07001284FE /* CustomStyledDialogs.swift in Sources */,
				9E4BD3442E7EE99D00EA940E /* SystemBarViewController.swift in Sources */,
				9E0DBFB12E5B23DB001284FE /* ContextMenuExampleViewController.swift in Sources */,
				9E0DBF6F2E5A14D4001284FE /* HomeRootViewController.swift in Sources */,
				9E0DBFA72E5B1276001284FE /* RadioButtonExampleViewController.swift in Sources */,
				9E0DBF8D2E5A3F9B001284FE /* ListItemModel.swift in Sources */,
				9E0DBFDB2E5B6367001284FE /* WebViewExampleViewController.swift in Sources */,
				9E0DBF8E2E5A3F9B001284FE /* CardListViewController.swift in Sources */,
				9E0DBF8F2E5A3F9B001284FE /* CardListCell.swift in Sources */,
			);
			runOnlyForDeploymentPostprocessing = 0;
		};
/* End PBXSourcesBuildPhase section */

/* Begin XCBuildConfiguration section */
		1D3AD7E42DBBDD7A005EA361 /* Debug */ = {
			isa = XCBuildConfiguration;
			baseConfigurationReference = DE41D1BA0E479416F6B6FE32 /* Pods-ios-learned.debug.xcconfig */;
			buildSettings = {
				ASSETCATALOG_COMPILER_APPICON_NAME = AppIcon;
				ASSETCATALOG_COMPILER_GLOBAL_ACCENT_COLOR_NAME = AccentColor;
				CLANG_ENABLE_MODULES = YES;
				CODE_SIGN_IDENTITY = "Apple Development";
				CODE_SIGN_STYLE = Automatic;
				CURRENT_PROJECT_VERSION = 1;
				DEVELOPMENT_TEAM = 8XKR749A94;
				ENABLE_USER_SCRIPT_SANDBOXING = NO;
				GENERATE_INFOPLIST_FILE = YES;
				INFOPLIST_FILE = "ios-learned/Info.plist";
				INFOPLIST_KEY_UIApplicationSupportsIndirectInputEvents = YES;
				INFOPLIST_KEY_UILaunchStoryboardName = LaunchScreen;
				INFOPLIST_KEY_UISupportedInterfaceOrientations_iPad = "UIInterfaceOrientationPortrait UIInterfaceOrientationPortraitUpsideDown UIInterfaceOrientationLandscapeLeft UIInterfaceOrientationLandscapeRight";
				INFOPLIST_KEY_UISupportedInterfaceOrientations_iPhone = "UIInterfaceOrientationPortrait UIInterfaceOrientationLandscapeLeft UIInterfaceOrientationLandscapeRight";
				IPHONEOS_DEPLOYMENT_TARGET = 15.0;
				LD_RUNPATH_SEARCH_PATHS = (
					"$(inherited)",
					"@executable_path/Frameworks",
				);
				MARKETING_VERSION = 1.0;
				PRODUCT_BUNDLE_IDENTIFIER = "xtguiyi.ios-learned";
				PRODUCT_NAME = "$(TARGET_NAME)";
				PROVISIONING_PROFILE_SPECIFIER = "";
				SUPPORTED_PLATFORMS = "iphoneos iphonesimulator";
				SUPPORTS_MACCATALYST = NO;
				SUPPORTS_XR_DESIGNED_FOR_IPHONE_IPAD = NO;
				SWIFT_EMIT_LOC_STRINGS = YES;
				SWIFT_OBJC_BRIDGING_HEADER = "";
				SWIFT_OPTIMIZATION_LEVEL = "-Onone";
				SWIFT_VERSION = 5.0;
				TARGETED_DEVICE_FAMILY = "1,2";
			};
			name = Debug;
		};
		1D3AD7E52DBBDD7A005EA361 /* Release */ = {
			isa = XCBuildConfiguration;
			baseConfigurationReference = F0EBC43438681C129F9564AE /* Pods-ios-learned.release.xcconfig */;
			buildSettings = {
				ASSETCATALOG_COMPILER_APPICON_NAME = AppIcon;
				ASSETCATALOG_COMPILER_GLOBAL_ACCENT_COLOR_NAME = AccentColor;
				CLANG_ENABLE_MODULES = YES;
				CODE_SIGN_IDENTITY = "Apple Development";
				CODE_SIGN_STYLE = Automatic;
				CURRENT_PROJECT_VERSION = 1;
				DEVELOPMENT_TEAM = 8XKR749A94;
				ENABLE_USER_SCRIPT_SANDBOXING = NO;
				GENERATE_INFOPLIST_FILE = YES;
				INFOPLIST_FILE = "ios-learned/Info.plist";
				INFOPLIST_KEY_UIApplicationSupportsIndirectInputEvents = YES;
				INFOPLIST_KEY_UILaunchStoryboardName = LaunchScreen;
				INFOPLIST_KEY_UISupportedInterfaceOrientations_iPad = "UIInterfaceOrientationPortrait UIInterfaceOrientationPortraitUpsideDown UIInterfaceOrientationLandscapeLeft UIInterfaceOrientationLandscapeRight";
				INFOPLIST_KEY_UISupportedInterfaceOrientations_iPhone = "UIInterfaceOrientationPortrait UIInterfaceOrientationLandscapeLeft UIInterfaceOrientationLandscapeRight";
				IPHONEOS_DEPLOYMENT_TARGET = 15.0;
				LD_RUNPATH_SEARCH_PATHS = (
					"$(inherited)",
					"@executable_path/Frameworks",
				);
				MARKETING_VERSION = 1.0;
				PRODUCT_BUNDLE_IDENTIFIER = "xtguiyi.ios-learned";
				PRODUCT_NAME = "$(TARGET_NAME)";
				PROVISIONING_PROFILE_SPECIFIER = "";
				SUPPORTED_PLATFORMS = "iphoneos iphonesimulator";
				SUPPORTS_MACCATALYST = NO;
				SUPPORTS_XR_DESIGNED_FOR_IPHONE_IPAD = NO;
				SWIFT_EMIT_LOC_STRINGS = YES;
				SWIFT_OBJC_BRIDGING_HEADER = "";
				SWIFT_VERSION = 5.0;
				TARGETED_DEVICE_FAMILY = "1,2";
			};
			name = Release;
		};
		1D3AD7E62DBBDD7A005EA361 /* Debug */ = {
			isa = XCBuildConfiguration;
			buildSettings = {
				ALWAYS_SEARCH_USER_PATHS = NO;
				ASSETCATALOG_COMPILER_GENERATE_SWIFT_ASSET_SYMBOL_EXTENSIONS = YES;
				CLANG_ANALYZER_NONNULL = YES;
				CLANG_ANALYZER_NUMBER_OBJECT_CONVERSION = YES_AGGRESSIVE;
				CLANG_CXX_LANGUAGE_STANDARD = "gnu++20";
				CLANG_ENABLE_MODULES = YES;
				CLANG_ENABLE_OBJC_ARC = YES;
				CLANG_ENABLE_OBJC_WEAK = YES;
				CLANG_WARN_BLOCK_CAPTURE_AUTORELEASING = YES;
				CLANG_WARN_BOOL_CONVERSION = YES;
				CLANG_WARN_COMMA = YES;
				CLANG_WARN_CONSTANT_CONVERSION = YES;
				CLANG_WARN_DEPRECATED_OBJC_IMPLEMENTATIONS = YES;
				CLANG_WARN_DIRECT_OBJC_ISA_USAGE = YES_ERROR;
				CLANG_WARN_DOCUMENTATION_COMMENTS = YES;
				CLANG_WARN_EMPTY_BODY = YES;
				CLANG_WARN_ENUM_CONVERSION = YES;
				CLANG_WARN_INFINITE_RECURSION = YES;
				CLANG_WARN_INT_CONVERSION = YES;
				CLANG_WARN_NON_LITERAL_NULL_CONVERSION = YES;
				CLANG_WARN_OBJC_IMPLICIT_RETAIN_SELF = YES;
				CLANG_WARN_OBJC_LITERAL_CONVERSION = YES;
				CLANG_WARN_OBJC_ROOT_CLASS = YES_ERROR;
				CLANG_WARN_QUOTED_INCLUDE_IN_FRAMEWORK_HEADER = YES;
				CLANG_WARN_RANGE_LOOP_ANALYSIS = YES;
				CLANG_WARN_STRICT_PROTOTYPES = YES;
				CLANG_WARN_SUSPICIOUS_MOVE = YES;
				CLANG_WARN_UNGUARDED_AVAILABILITY = YES_AGGRESSIVE;
				CLANG_WARN_UNREACHABLE_CODE = YES;
				CLANG_WARN__DUPLICATE_METHOD_MATCH = YES;
				COPY_PHASE_STRIP = NO;
				DEBUG_INFORMATION_FORMAT = dwarf;
				ENABLE_STRICT_OBJC_MSGSEND = YES;
				ENABLE_TESTABILITY = YES;
				ENABLE_USER_SCRIPT_SANDBOXING = YES;
				GCC_C_LANGUAGE_STANDARD = gnu17;
				GCC_DYNAMIC_NO_PIC = NO;
				GCC_NO_COMMON_BLOCKS = YES;
				GCC_OPTIMIZATION_LEVEL = 0;
				GCC_PREPROCESSOR_DEFINITIONS = (
					"DEBUG=1",
					"$(inherited)",
				);
				GCC_WARN_64_TO_32_BIT_CONVERSION = YES;
				GCC_WARN_ABOUT_RETURN_TYPE = YES_ERROR;
				GCC_WARN_UNDECLARED_SELECTOR = YES;
				GCC_WARN_UNINITIALIZED_AUTOS = YES_AGGRESSIVE;
				GCC_WARN_UNUSED_FUNCTION = YES;
				GCC_WARN_UNUSED_VARIABLE = YES;
				IPHONEOS_DEPLOYMENT_TARGET = 18.2;
				LOCALIZATION_PREFERS_STRING_CATALOGS = YES;
				MTL_ENABLE_DEBUG_INFO = INCLUDE_SOURCE;
				MTL_FAST_MATH = YES;
				ONLY_ACTIVE_ARCH = YES;
				SDKROOT = iphoneos;
				SWIFT_ACTIVE_COMPILATION_CONDITIONS = "DEBUG $(inherited)";
				SWIFT_OPTIMIZATION_LEVEL = "-Onone";
			};
			name = Debug;
		};
		1D3AD7E72DBBDD7A005EA361 /* Release */ = {
			isa = XCBuildConfiguration;
			buildSettings = {
				ALWAYS_SEARCH_USER_PATHS = NO;
				ASSETCATALOG_COMPILER_GENERATE_SWIFT_ASSET_SYMBOL_EXTENSIONS = YES;
				CLANG_ANALYZER_NONNULL = YES;
				CLANG_ANALYZER_NUMBER_OBJECT_CONVERSION = YES_AGGRESSIVE;
				CLANG_CXX_LANGUAGE_STANDARD = "gnu++20";
				CLANG_ENABLE_MODULES = YES;
				CLANG_ENABLE_OBJC_ARC = YES;
				CLANG_ENABLE_OBJC_WEAK = YES;
				CLANG_WARN_BLOCK_CAPTURE_AUTORELEASING = YES;
				CLANG_WARN_BOOL_CONVERSION = YES;
				CLANG_WARN_COMMA = YES;
				CLANG_WARN_CONSTANT_CONVERSION = YES;
				CLANG_WARN_DEPRECATED_OBJC_IMPLEMENTATIONS = YES;
				CLANG_WARN_DIRECT_OBJC_ISA_USAGE = YES_ERROR;
				CLANG_WARN_DOCUMENTATION_COMMENTS = YES;
				CLANG_WARN_EMPTY_BODY = YES;
				CLANG_WARN_ENUM_CONVERSION = YES;
				CLANG_WARN_INFINITE_RECURSION = YES;
				CLANG_WARN_INT_CONVERSION = YES;
				CLANG_WARN_NON_LITERAL_NULL_CONVERSION = YES;
				CLANG_WARN_OBJC_IMPLICIT_RETAIN_SELF = YES;
				CLANG_WARN_OBJC_LITERAL_CONVERSION = YES;
				CLANG_WARN_OBJC_ROOT_CLASS = YES_ERROR;
				CLANG_WARN_QUOTED_INCLUDE_IN_FRAMEWORK_HEADER = YES;
				CLANG_WARN_RANGE_LOOP_ANALYSIS = YES;
				CLANG_WARN_STRICT_PROTOTYPES = YES;
				CLANG_WARN_SUSPICIOUS_MOVE = YES;
				CLANG_WARN_UNGUARDED_AVAILABILITY = YES_AGGRESSIVE;
				CLANG_WARN_UNREACHABLE_CODE = YES;
				CLANG_WARN__DUPLICATE_METHOD_MATCH = YES;
				COPY_PHASE_STRIP = NO;
				DEBUG_INFORMATION_FORMAT = "dwarf-with-dsym";
				ENABLE_NS_ASSERTIONS = NO;
				ENABLE_STRICT_OBJC_MSGSEND = YES;
				ENABLE_USER_SCRIPT_SANDBOXING = YES;
				GCC_C_LANGUAGE_STANDARD = gnu17;
				GCC_NO_COMMON_BLOCKS = YES;
				GCC_WARN_64_TO_32_BIT_CONVERSION = YES;
				GCC_WARN_ABOUT_RETURN_TYPE = YES_ERROR;
				GCC_WARN_UNDECLARED_SELECTOR = YES;
				GCC_WARN_UNINITIALIZED_AUTOS = YES_AGGRESSIVE;
				GCC_WARN_UNUSED_FUNCTION = YES;
				GCC_WARN_UNUSED_VARIABLE = YES;
				IPHONEOS_DEPLOYMENT_TARGET = 18.2;
				LOCALIZATION_PREFERS_STRING_CATALOGS = YES;
				MTL_ENABLE_DEBUG_INFO = NO;
				MTL_FAST_MATH = YES;
				SDKROOT = iphoneos;
				SWIFT_COMPILATION_MODE = wholemodule;
				VALIDATE_PRODUCT = YES;
			};
			name = Release;
		};
/* End XCBuildConfiguration section */

/* Begin XCConfigurationList section */
		1D3AD7CB2DBBDD78005EA361 /* Build configuration list for PBXProject "ios-learned" */ = {
			isa = XCConfigurationList;
			buildConfigurations = (
				1D3AD7E62DBBDD7A005EA361 /* Debug */,
				1D3AD7E72DBBDD7A005EA361 /* Release */,
			);
			defaultConfigurationIsVisible = 0;
			defaultConfigurationName = Release;
		};
		1D3AD7E32DBBDD7A005EA361 /* Build configuration list for PBXNativeTarget "ios-learned" */ = {
			isa = XCConfigurationList;
			buildConfigurations = (
				1D3AD7E42DBBDD7A005EA361 /* Debug */,
				1D3AD7E52DBBDD7A005EA361 /* Release */,
			);
			defaultConfigurationIsVisible = 0;
			defaultConfigurationName = Release;
		};
/* End XCConfigurationList section */
	};
	rootObject = 1D3AD7C82DBBDD78005EA361 /* Project object */;
}
